
Microsoft Visual Studio Solution File, Format Version 12.00
# Visual Studio Version 16
VisualStudioVersion = 16.0.30611.23
MinimumVisualStudioVersion = 10.0.40219.1
Project("{FAE04EC0-301F-11D3-BF4B-00C04F79EFBC}") = "Formula Student Base Station", "FSBaseStation\Formula Student Base Station.csproj", "{3DD8DCED-91A7-4511-A508-A74C5E52FAAF}"
EndProject
Global
	GlobalSection(SolutionConfigurationPlatforms) = preSolution
		Debug|Any CPU = Debug|Any CPU
		Release|Any CPU = Release|Any CPU
	EndGlobalSection
	GlobalSection(ProjectConfigurationPlatforms) = postSolution
		{3DD8DCED-91A7-4511-A508-A74C5E52FAAF}.Debug|Any CPU.ActiveCfg = Debug|Any CPU
		{3DD8DCED-91A7-4511-A508-A74C5E52FAAF}.Debug|Any CPU.Build.0 = Debug|Any CPU
		{3DD8DCED-91A7-4511-A508-A74C5E52FAAF}.Release|Any CPU.ActiveCfg = Release|Any CPU
		{3DD8DCED-91A7-4511-A508-A74C5E52FAAF}.Release|Any CPU.Build.0 = Release|Any CPU
	EndGlobalSection
	GlobalSection(SolutionProperties) = preSolution
		HideSolutionNode = FALSE
	EndGlobalSection
	GlobalSection(ExtensibilityGlobals) = postSolution
		SolutionGuid = {1DA22F26-F6BC-4CE6-B109-5B56A3343A9A}
	EndGlobalSection
EndGlobal
